%{
  "cli_mate": {:hex, :cli_mate, "0.10.0", "869c9589f25d72b7f227adba5d44975f0254d70d684f92024c8cc4a99ab94412", [:mix], [], "hexpm", "892ce8dfd5199812da6a7a12e48d30e705b2edd3af05f89fec1c31e7f9691adb"},
  "nimble_options": {:hex, :nimble_options, "1.1.1", "e3a492d54d85fc3fd7c5baf411d9d2852922f66e69476317787a7b2bb000a61b", [:mix], [], "hexpm", "821b2470ca9442c4b6984882fe9bb0389371b8ddec4d45a9504f00a66f650b44"},
  "readmix": {:hex, :readmix, "0.7.2", "0465d613eade106c94a8e0846082905e11e37f21bfecf5412d70e458ab84c9d3", [:mix], [{:cli_mate, "~> 0.10", [hex: :cli_mate, repo: "hexpm", optional: false]}, {:nimble_options, "~> 1.0", [hex: :nimble_options, repo: "hexpm", optional: false]}], "hexpm", "8f9e46f405348f8d73f3c932e3e32d256de73a11b55cd8d842fb78384d53a0b8"},
  "yamerl": {:hex, :yamerl, "0.10.0", "4ff81fee2f1f6a46f1700c0d880b24d193ddb74bd14ef42cb0bcf46e81ef2f8e", [:rebar3], [], "hexpm", "346adb2963f1051dc837a2364e4acf6eb7d80097c0f53cbdc3046ec8ec4b4e6e"},
  "yaml_elixir": {:hex, :yaml_elixir, "2.12.1", "d74f2d82294651b58dac849c45a82aaea639766797359baff834b64439f6b3f4", [:mix], [{:yamerl, "~> 0.10", [hex: :yamerl, repo: "hexpm", optional: false]}], "hexpm", "d9ac16563c737d55f9bfeed7627489156b91268a3a21cd55c54eb2e335207fed"},
}
